version = 1

[[packages]]
name = "snowdamiz/mesh-registry-proof"
version = "0.34.0-20260326213540-36652"
source = "https://api.packages.meshlang.dev/api/v1/packages/snowdamiz/mesh-registry-proof/0.34.0-20260326213540-36652/download"
revision = "0.34.0-20260326213540-36652"
sha256 = "f61a2167aeb66df3a336c0a6d33427fc6f590fb3847e90eafbc43af3714dac22"
